{
  "requires": true,
  "lockfileVersion": 1,
  "dependencies": {
    "@liquid-labs/catalyst-core-api": {
      "version": "1.0.0-prototype.11",
      "resolved": "https://registry.npmjs.org/@liquid-labs/catalyst-core-api/-/catalyst-core-api-1.0.0-prototype.11.tgz",
      "integrity": "sha512-PwvOO8ITpeDnN0XwtHy0VC2vnBTRieJEpnFXLgX4hIX4zzmcky1WAS9Ntypt9LkCvX/Ld4AIK8Ibk8edAdGgUg==",
      "dev": true,
      "requires": {
        "@liquid-labs/cloud-sql-proxy": "^1.0.0-alpha.0"
      }
    },
    "@liquid-labs/cloud-sql-proxy": {
      "version": "1.0.0-alpha.0",
      "resolved": "https://registry.npmjs.org/@liquid-labs/cloud-sql-proxy/-/cloud-sql-proxy-1.0.0-alpha.0.tgz",
      "integrity": "sha512-VLb58nnDMn5W6nEu3XLBcE9Tn7Ea1EOqyO3nv2CTx6720ouYKxE998M6FQw2LSo3wZlMshYVPZXb+6vqk/SyWQ==",
      "dev": true
    }
  }
}
